# This file is generated by running "yarn install" inside your project.
# Manual changes might be lost - proceed with caution!

__metadata:
  version: 4
  cacheKey: 7

"@types/babel-types@npm:*, @types/babel-types@npm:^7.0.0":
  version: 7.0.9
  resolution: "@types/babel-types@npm:7.0.9"
  checksum: c4b9c2d41de5ea42d3ed13692fff8fb4d24b9b2b125ee1981ffd1d1a7fece516e7ab3bd556f49959318dee8f74dd25597d4f66f6511988e2853822d1389a5b28
  languageName: node
  linkType: hard

"@types/babylon@npm:^6.16.2":
  version: 6.16.5
  resolution: "@types/babylon@npm:6.16.5"
  dependencies:
    "@types/babel-types": "*"
  checksum: 1d03d7008fd467aab346270ed47868f94436829522ac3fa0f640a84f5f2bec258d5d3dd7f1745866b88daff50381677cb043dd11883634c5f5dff8c5fed081f4
  languageName: node
  linkType: hard

"accepts@npm:~1.3.5":
  version: 1.3.7
  resolution: "accepts@npm:1.3.7"
  dependencies:
    mime-types: ~2.1.24
    negotiator: 0.6.2
  checksum: 2686fa30dbc850db1bf458dc8171fba13c54ed6cb25f4298ec7c2f88b8dfc50351f25c40abe3a948e4ec7a0cc8ea83d1c55c2f73ffa612d18840a8778d4a2ee0
  languageName: node
  linkType: hard

"acorn-globals@npm:^3.0.0":
  version: 3.1.0
  resolution: "acorn-globals@npm:3.1.0"
  dependencies:
    acorn: ^4.0.4
  checksum: c18e126364e84b6deb97eae35e45d23be82476f00fa1d2a5a08466074bf721252234a798a41bd3d570798b7802ee2bd7ea89b1352ac3b570b10a053430c9a0ac
  languageName: node
  linkType: hard

"acorn@npm:^3.1.0":
  version: 3.3.0
  resolution: "acorn@npm:3.3.0"
  bin:
    acorn: ./bin/acorn
  checksum: 822c857c26ab20c303fe3621bb6ed5a42351a143be34b69fb85e0736676b7ee578de7fc925b1d25f0034fd5b2eac80eaf340faf8f79768687c14eeab980f2d3f
  languageName: node
  linkType: hard

"acorn@npm:^4.0.4, acorn@npm:~4.0.2":
  version: 4.0.13
  resolution: "acorn@npm:4.0.13"
  bin:
    acorn: ./bin/acorn
  checksum: ad9bcce0c4dc8beb9b89a571a7c72bd85f9ab200ea65956b4f8e4390fc89145842c21b6786a5f85e30cef1b2c233003519ba1543cb2c2b61dc6af198ffb6a7de
  languageName: node
  linkType: hard

"align-text@npm:^0.1.1, align-text@npm:^0.1.3":
  version: 0.1.4
  resolution: "align-text@npm:0.1.4"
  dependencies:
    kind-of: ^3.0.2
    longest: ^1.0.1
    repeat-string: ^1.5.2
  checksum: 2f4893c0b09f20696934dc46fe6dd31ab0f978272057f429e4256884d1a8cc703d0228298ea6eb27cade8a49d30372024202204527c0538965ca68eb3320782d
  languageName: node
  linkType: hard

"amdefine@npm:>=0.0.4":
  version: 1.0.1
  resolution: "amdefine@npm:1.0.1"
  checksum: 8b163d7cd3224b8648a6f9be045f1e111847d53acb21b3f9fca3b7ef20da63de4b256c6dfc175a340d9a2bb13fcab9f633089e2d4ac230ea9721db038962d256
  languageName: node
  linkType: hard

"array-flatten@npm:1.1.1":
  version: 1.1.1
  resolution: "array-flatten@npm:1.1.1"
  checksum: de7a056451ff7891bb1bcda6ce2a50448ca70f63cd0fa7aa90430d288b6dc2931517b6853ce16c473a7f40fa6eaa874e20b6151616db93375471d1ffadfb1d3d
  languageName: node
  linkType: hard

"asap@npm:~2.0.3":
  version: 2.0.6
  resolution: "asap@npm:2.0.6"
  checksum: 3d314f8c598b625a98347bacdba609d4c889c616ca5d8ea65acaae8050ab8b7aa6630df2cfe9856c20b260b432adf2ee7a65a1021f268ef70408c70f809e3a39
  languageName: node
  linkType: hard

"babel-runtime@npm:^6.26.0":
  version: 6.26.0
  resolution: "babel-runtime@npm:6.26.0"
  dependencies:
    core-js: ^2.4.0
    regenerator-runtime: ^0.11.0
  checksum: 5010bf1d81e484d9c6a5b4e4c32564a0dc180c2dc5a65f999729c3cb63b9c6e805d3d10c19a4ccc2112bce084e39e51e52daf5c21df0141ce8e6e37727af2e0b
  languageName: node
  linkType: hard

"babel-types@npm:^6.26.0":
  version: 6.26.0
  resolution: "babel-types@npm:6.26.0"
  dependencies:
    babel-runtime: ^6.26.0
    esutils: ^2.0.2
    lodash: ^4.17.4
    to-fast-properties: ^1.0.3
  checksum: 9fb4b712afe5c19bfd2ab77e9888062d1b4888be22d8b21934fee03dbbd6add8d89ce9e435b7321a1047776c14f713301666112a5c5e505cb673e88d63076cca
  languageName: node
  linkType: hard

"babylon@npm:^6.18.0":
  version: 6.18.0
  resolution: "babylon@npm:6.18.0"
  bin:
    babylon: ./bin/babylon.js
  checksum: af38302e3fd8b01004ab03e7f42e00d3d6b3e85190102a1ad7ffbed87bc025d96413a7c165b2b5f0b78e576b71e5306a67c1ae0368f6d12bef40fd00b0dbc7b5
  languageName: node
  linkType: hard

"basic-auth@npm:~2.0.0":
  version: 2.0.1
  resolution: "basic-auth@npm:2.0.1"
  dependencies:
    safe-buffer: 5.1.2
  checksum: 8ba373742caf9ef8e680ff77cf3f38208a6709d54c41a59148784d3c9cdb14167338e10ec6f9e5cc97a5096dd347813432a9afed6d5306d67e2cfdd85530976e
  languageName: node
  linkType: hard

"body-parser@npm:1.18.3":
  version: 1.18.3
  resolution: "body-parser@npm:1.18.3"
  dependencies:
    bytes: 3.0.0
    content-type: ~1.0.4
    debug: 2.6.9
    depd: ~1.1.2
    http-errors: ~1.6.3
    iconv-lite: 0.4.23
    on-finished: ~2.3.0
    qs: 6.5.2
    raw-body: 2.3.3
    type-is: ~1.6.16
  checksum: bf1a01e85cd4c5236d2ad65d316ff350a91cea8b9127ffd4e07b30fc64ca0efe72b3afc9ea7cd522dd93f86deccd5813866eb0493b52042d3499c20c55ddbc55
  languageName: node
  linkType: hard

"bytes@npm:3.0.0":
  version: 3.0.0
  resolution: "bytes@npm:3.0.0"
  checksum: 98d6c0ab36f7a5527226fd928e65495ffd3d53cb22da627eba3300eed36bd283ae3dfdf3a0aa017df13a09115b5b8847e3d51f66c2f0304a262264c86a317c05
  languageName: node
  linkType: hard

"camelcase@npm:^1.0.2":
  version: 1.2.1
  resolution: "camelcase@npm:1.2.1"
  checksum: 9fdfb1b43867ecca5bb1f2ba1d08fcb7f44d8ae8f9446e1506ec45e13b178c9df92cd34baf8d159a5df16a3baa255755e081d39524d7c772632b5829fb709fbd
  languageName: node
  linkType: hard

"center-align@npm:^0.1.1":
  version: 0.1.3
  resolution: "center-align@npm:0.1.3"
  dependencies:
    align-text: ^0.1.3
    lazy-cache: ^1.0.3
  checksum: 8e12bc7d608f3e863972a8dc12a4a0239027770055ab987c1f42b2910b112b8b51ada1a131d8e6fcab2ecaa2b7fff21a32f3343bbb50086ecb00b19acbfb6064
  languageName: node
  linkType: hard

"character-parser@npm:^2.1.1":
  version: 2.2.0
  resolution: "character-parser@npm:2.2.0"
  dependencies:
    is-regex: ^1.0.3
  checksum: 0e370e8fd06e2f3298359d0591d11168eb463ae9277e2ce7543465ebd150bfd5625d27c1f10edadb864ec22ca4b23e27f608e9acde579df12b804167a9a3514e
  languageName: node
  linkType: hard

"clean-css@npm:^3.3.0":
  version: 3.4.28
  resolution: "clean-css@npm:3.4.28"
  dependencies:
    commander: 2.8.x
    source-map: 0.4.x
  bin:
    cleancss: ./bin/cleancss
  checksum: c3a7e4c1c08a2dc9e74c072fd7cdd7df6bf4786b35b9d2fcfd52e8656da503af88a2e107a1bb27e9149f4abcb1dbf3d3bb75e906a7abecf7056c81bf64fb6662
  languageName: node
  linkType: hard

"cliui@npm:^2.1.0":
  version: 2.1.0
  resolution: "cliui@npm:2.1.0"
  dependencies:
    center-align: ^0.1.1
    right-align: ^0.1.1
    wordwrap: 0.0.2
  checksum: ea93f1e985c99196f460e8b8bc6fb5363f6088f94fc036e418f02bbc7f54cc39aabd7134c255ceefd487e1f2484d80ed39456ba5a7e110ca68412ca062e8bd0a
  languageName: node
  linkType: hard

"commander@npm:2.8.x":
  version: 2.8.1
  resolution: "commander@npm:2.8.1"
  dependencies:
    graceful-readlink: ">= 1.0.0"
  checksum: aee28c886bcda957c96e94fe5eb6d33066ac9c1c8443995fe3f1933a7c83986c76cd617a88f82872eb4d0a362c71a2416b4770ccb3d3e2f554a5232a2408bc37
  languageName: node
  linkType: hard

"constantinople@npm:^3.0.1":
  version: 3.1.2
  resolution: "constantinople@npm:3.1.2"
  dependencies:
    "@types/babel-types": ^7.0.0
    "@types/babylon": ^6.16.2
    babel-types: ^6.26.0
    babylon: ^6.18.0
  checksum: 41c4c9db9c83ee3619cbeddc8ca24b232ebd2e4b6088a21cefb413cd32114b37c401be1bef141f64367e24db685e65cbaa77dc702b5bb456b0d097f199a2008c
  languageName: node
  linkType: hard

"content-disposition@npm:0.5.2":
  version: 0.5.2
  resolution: "content-disposition@npm:0.5.2"
  checksum: 5d54ba7c9a6e865d1fea321e43d9e56be091aa20706f4632a236ebe7824ed3cb0eac314b80e76a9db2092d287d69add03efcaf743068ee0be1f71159c14a134c
  languageName: node
  linkType: hard

"content-type@npm:~1.0.4":
  version: 1.0.4
  resolution: "content-type@npm:1.0.4"
  checksum: ff6e19cbf281c23d5608723a6dc60ac97e2280bd4d21602511283112321e6c1555895e395555e367672b54a0f1585276284b7c3c8be313aca73902ac2f2609fd
  languageName: node
  linkType: hard

"cookie-parser@npm:~1.4.4":
  version: 1.4.5
  resolution: "cookie-parser@npm:1.4.5"
  dependencies:
    cookie: 0.4.0
    cookie-signature: 1.0.6
  checksum: a3eeda832d81862477e40444a8d411595b91e15f9b1d2b397a173e9efa744a29129de9aaa99342cf9468641d854a464c4e215cd60d1df49374c9ccffa1af52bf
  languageName: node
  linkType: hard

"cookie-signature@npm:1.0.6":
  version: 1.0.6
  resolution: "cookie-signature@npm:1.0.6"
  checksum: 305054e102eebd0a483c63aefdc3abf54a9471bed5eb12be56c0dcf35a94110b8a13139b27751ab07a5ef09e9f4190ee67f71e9d3acf1748e6e2f1aed338c987
  languageName: node
  linkType: hard

"cookie@npm:0.3.1":
  version: 0.3.1
  resolution: "cookie@npm:0.3.1"
  checksum: 5fb6caf84d4e1f5684abae2a29d019466166a452539ef43562eaba5bf2f5d40a5cf0d0b4e46614fb8e6b408fd0c718885ba6696ce976e2c53d07216152ec7091
  languageName: node
  linkType: hard

"cookie@npm:0.4.0":
  version: 0.4.0
  resolution: "cookie@npm:0.4.0"
  checksum: 7aaef4b642c533600fdd001d963a507dfcd814267503374e51d9743475d024feeff8b0b4ddd0777a25791a2efbdfd8bc4a0fe0696104efa195e8f8584807d410
  languageName: node
  linkType: hard

"core-js@npm:^2.4.0":
  version: 2.6.12
  resolution: "core-js@npm:2.6.12"
  checksum: b865823ce9cb5bc63336856440f6525e4996bb91af30660081e82bf447d177f36104f0986906a34ea0c9c03cb8b3d960380848a478e2621dac30c9b8198d28da
  languageName: node
  linkType: hard

"debug@npm:2.6.9, debug@npm:~2.6.9":
  version: 2.6.9
  resolution: "debug@npm:2.6.9"
  dependencies:
    ms: 2.0.0
  checksum: 559f44f98cf25e2ee489022aec173afbff746564cb108c4493becb95bc3c017a67bdaa25a0ff64801fd32c35051d00af0e56cc7f762ae2c3bc089496e5a1c31b
  languageName: node
  linkType: hard

"decamelize@npm:^1.0.0":
  version: 1.2.0
  resolution: "decamelize@npm:1.2.0"
  checksum: 8ca9d03ea8ac07920f4504e219d18edff2491bdd0a3e05a1e5ca2e9a0bf6333564231de3528b01d5e76c40a38c37bbc1e09cb5a0424714f53dd615ed78ced464
  languageName: node
  linkType: hard

"depd@npm:~1.1.2":
  version: 1.1.2
  resolution: "depd@npm:1.1.2"
  checksum: f45566ff7019a346852f095768a380778ed544de24e103b479fd5d3e61982d670efbb5234c09d0588d7fdb09c26c48283d7150e4be5e6ce5d3d37cd268d75c4d
  languageName: node
  linkType: hard

"destroy@npm:~1.0.4":
  version: 1.0.4
  resolution: "destroy@npm:1.0.4"
  checksum: 5a516fc5a8a8089eecdac11da2339353542be7a71102dc5a1372ef6161501bf5c1ee59ff9f8a3f5f14cc8c88594d606f855f816d46a228ee5e0e5cb2b543534b
  languageName: node
  linkType: hard

"doctypes@npm:^1.1.0":
  version: 1.1.0
  resolution: "doctypes@npm:1.1.0"
  checksum: 12f8c88d9efec09d251f075fced44db5046f767ef237f925df023b887e25a39f1c1285060595d952f4a65f9ccae8e4b235ac1a39d0196879159f7347a4e609e7
  languageName: node
  linkType: hard

"ee-first@npm:1.1.1":
  version: 1.1.1
  resolution: "ee-first@npm:1.1.1"
  checksum: ba74f91398e3ee3b6d665b2f0d13ad6530e89a7e64ec886a6eec0602fb8a5a274652960e21bd5d4b42fdeb9017d873ff872f50342d38779e955285977edb337c
  languageName: node
  linkType: hard

"encodeurl@npm:~1.0.2":
  version: 1.0.2
  resolution: "encodeurl@npm:1.0.2"
  checksum: 6ee5fcbcd245d2a2b6bd6fe36b80f91e31ab46e29192c50af00e8f860c0c2310ebbdaae40257878fdce90b42abcb3526895c7c3a2e229461ed1f0d0b5a020fc8
  languageName: node
  linkType: hard

"escape-html@npm:~1.0.3":
  version: 1.0.3
  resolution: "escape-html@npm:1.0.3"
  checksum: 900a7f2b80b9f89c85b7a303d1b7a4d354b93e328871414f165f13c5c209a80eab787e3a63429e596877def69fe4dcb3d1b55af655207a901a9ec99f7f148743
  languageName: node
  linkType: hard

"esutils@npm:^2.0.2":
  version: 2.0.3
  resolution: "esutils@npm:2.0.3"
  checksum: 590b04533177f8f6f0f352b3ac7da6c1c1e3d8375d8973972fba9c94558ca168685fd38319c3c6f4c37ba256df7494a7f15d8e761df1655af8a8f0027d988f8f
  languageName: node
  linkType: hard

"etag@npm:~1.8.1":
  version: 1.8.1
  resolution: "etag@npm:1.8.1"
  checksum: f18341a3c12a554ec46c0d4756bc9cae177e92f25a4ebd9ceefebf0ee448b675972fc110879f22b1bf514174713921ae5de9ff77af2062d422b1085588465a57
  languageName: node
  linkType: hard

"express@npm:~4.16.1":
  version: 4.16.4
  resolution: "express@npm:4.16.4"
  dependencies:
    accepts: ~1.3.5
    array-flatten: 1.1.1
    body-parser: 1.18.3
    content-disposition: 0.5.2
    content-type: ~1.0.4
    cookie: 0.3.1
    cookie-signature: 1.0.6
    debug: 2.6.9
    depd: ~1.1.2
    encodeurl: ~1.0.2
    escape-html: ~1.0.3
    etag: ~1.8.1
    finalhandler: 1.1.1
    fresh: 0.5.2
    merge-descriptors: 1.0.1
    methods: ~1.1.2
    on-finished: ~2.3.0
    parseurl: ~1.3.2
    path-to-regexp: 0.1.7
    proxy-addr: ~2.0.4
    qs: 6.5.2
    range-parser: ~1.2.0
    safe-buffer: 5.1.2
    send: 0.16.2
    serve-static: 1.13.2
    setprototypeof: 1.1.0
    statuses: ~1.4.0
    type-is: ~1.6.16
    utils-merge: 1.0.1
    vary: ~1.1.2
  checksum: eec296104a82f9633178a2f226276bd032fa778cecedc857e79773261d57771b0404adb5c6aa6783005d84c3e46e3037d7c11c056740f9825ee7478aa66b9268
  languageName: node
  linkType: hard

"finalhandler@npm:1.1.1":
  version: 1.1.1
  resolution: "finalhandler@npm:1.1.1"
  dependencies:
    debug: 2.6.9
    encodeurl: ~1.0.2
    escape-html: ~1.0.3
    on-finished: ~2.3.0
    parseurl: ~1.3.2
    statuses: ~1.4.0
    unpipe: ~1.0.0
  checksum: ba02da146edcde663f9f464a1f0302196cba827c084ce9a67835e447eef47752f03c65b0af9113804c1fc78a5763cbf6493d3c476772cc4bdf5c0a3e1917cd88
  languageName: node
  linkType: hard

"forwarded@npm:~0.1.2":
  version: 0.1.2
  resolution: "forwarded@npm:0.1.2"
  checksum: 568d862ad1c514813fc62dc1bd58b8669b16d4ee2e634a6fc71f4849df798883ab94e63d8e1b35a17af51b2b39ca869e672c7310efe42fc7b9bad43a80b5ff87
  languageName: node
  linkType: hard

"fresh@npm:0.5.2":
  version: 0.5.2
  resolution: "fresh@npm:0.5.2"
  checksum: 2f76c8505d1ea5a6d5accea3e7aff0b796bfa43364c84929254f33909fa08640948bd1728220d1ff5f4c2b378a65e97da647f2fe0f2b7ddb44001f6e0dc2e91f
  languageName: node
  linkType: hard

"function-bind@npm:^1.1.1":
  version: 1.1.1
  resolution: "function-bind@npm:1.1.1"
  checksum: ffad86e7d2010ba179aaa6a3987d2cc0ed48fa92d27f1ed84bfa06d14f77deeed5bfbae7f00bdebc0c54218392cab2b18ecc080e2c72f592431927b87a27d42b
  languageName: node
  linkType: hard

"graceful-readlink@npm:>= 1.0.0":
  version: 1.0.1
  resolution: "graceful-readlink@npm:1.0.1"
  checksum: a0675771561e8f8401ce4f8feddcc5bc3fc7370d7cc95c9dab3fff8e4bb6f69316072267075e2e54ecaeb2ba72019cf9bd334732cdb1582b5a0642dd33b5b0e0
  languageName: node
  linkType: hard

"has-symbols@npm:^1.0.1":
  version: 1.0.1
  resolution: "has-symbols@npm:1.0.1"
  checksum: 84e2a03ada6f530f0c1ebea64df5932556ac20a4b78998f1f2b5dd0cf736843e8082c488b0ea7f08b9aec72fb6d8b736beed2fd62fac60dcaebfdc0b8d2aa7ac
  languageName: node
  linkType: hard

"has@npm:^1.0.3":
  version: 1.0.3
  resolution: "has@npm:1.0.3"
  dependencies:
    function-bind: ^1.1.1
  checksum: c686e15300d41364486c099a9259d9c418022c294244843dcd712c4c286ff839d4f23a25413baa28c4d2c1e828afc2aaab70f685400b391533980223c71fa1ca
  languageName: node
  linkType: hard

"http-errors@npm:1.6.3, http-errors@npm:~1.6.2, http-errors@npm:~1.6.3":
  version: 1.6.3
  resolution: "http-errors@npm:1.6.3"
  dependencies:
    depd: ~1.1.2
    inherits: 2.0.3
    setprototypeof: 1.1.0
    statuses: ">= 1.4.0 < 2"
  checksum: 850a3bf69ffc56c5151cea4a31bdf47412b7a6af3ee3f4fc92d3c4d90f8398d8843806f0d81916b310b661eed93722272cf2d41c2cac2fd5d1d1c66d4077942c
  languageName: node
  linkType: hard

"iconv-lite@npm:0.4.23":
  version: 0.4.23
  resolution: "iconv-lite@npm:0.4.23"
  dependencies:
    safer-buffer: ">= 2.1.2 < 3"
  checksum: 8000b43fcfbc38c15cc91e19e3b2b1c388618dacddfd6096b3a87f70242da33368ef8a985405d671bc3fe1bfe5c2056326c891445a2d4587bb340fdeb4f460a0
  languageName: node
  linkType: hard

"inherits@npm:2.0.3":
  version: 2.0.3
  resolution: "inherits@npm:2.0.3"
  checksum: 9488f9433effbc24474f6baee8014e5337c7f99305ecb4204fa5864ae7655c24225780d87fc65ed8d3d374715a18c5dc8c69fe3bf9745cde2e7acd0ac068a07b
  languageName: node
  linkType: hard

"ipaddr.js@npm:1.9.1":
  version: 1.9.1
  resolution: "ipaddr.js@npm:1.9.1"
  checksum: de15bc7e63973d960abc43c9fbbf19589c726774f59d157d1b29382a1e86ae87c68cbd8b5c78a1712a87fc4fcd91e10762c7671950c66a1a19040ff4fd2f9c9b
  languageName: node
  linkType: hard

"is-buffer@npm:^1.1.5":
  version: 1.1.6
  resolution: "is-buffer@npm:1.1.6"
  checksum: 336ec78f00e88efe6ff6f1aa08d06aadb942a6cd320e5f538ac00648378fb964743b3737c88ce7ce8741c067e4a3b78f596b83ee1a3c72dc2885ea0b03dc84f2
  languageName: node
  linkType: hard

"is-core-module@npm:^2.1.0":
  version: 2.2.0
  resolution: "is-core-module@npm:2.2.0"
  dependencies:
    has: ^1.0.3
  checksum: 2344744de98a3bc22e2bb30895f307d7889f09e963f9bcb1cc321788f508c8b463f75e0a9ca009eeeb8eb9465181b5c15f1ec9299a6bb6921cfbb2423892e0ba
  languageName: node
  linkType: hard

"is-expression@npm:^3.0.0":
  version: 3.0.0
  resolution: "is-expression@npm:3.0.0"
  dependencies:
    acorn: ~4.0.2
    object-assign: ^4.0.1
  checksum: be23618f1bba906c8c8d0f62c9de1fa590760beb31ab5a250cbf88aa5c44d3fbf7f6828a1e1f594123b5cca220d8627bc07268fc49f151410c9aff38a3306e5c
  languageName: node
  linkType: hard

"is-promise@npm:^2.0.0":
  version: 2.2.2
  resolution: "is-promise@npm:2.2.2"
  checksum: 6fe84293b8750d3604a909979a7517a38b1618817f1fbbfdaf4d6138642117c85fbee12927b4d51349a5bcd9bdf8d1bf181f09145ede2d7eb41f4b394ab2ce7d
  languageName: node
  linkType: hard

"is-regex@npm:^1.0.3":
  version: 1.1.1
  resolution: "is-regex@npm:1.1.1"
  dependencies:
    has-symbols: ^1.0.1
  checksum: 0c5b9d335c125cc59a83b9446b172d419303034f3cb570e95bfb7b45fc1dfb8bedd7ecf5e8139a99b8fed66894ee516fd7ce376feb109504f64c53092c7f07ee
  languageName: node
  linkType: hard

"js-stringify@npm:^1.0.1":
  version: 1.0.2
  resolution: "js-stringify@npm:1.0.2"
  checksum: dd0ab1d9959d321b9eb1ad425e2ce641d2981f09b52134bbaab51ce9da367b161865f4554a068b5fc0bdd93b0b714bb020166e48496fc9d1ac9fe6fa1becaba9
  languageName: node
  linkType: hard

"jstransformer@npm:1.0.0":
  version: 1.0.0
  resolution: "jstransformer@npm:1.0.0"
  dependencies:
    is-promise: ^2.0.0
    promise: ^7.0.1
  checksum: 6b0602f53a5312064de6e489195725bd0c1a066794bdac0544dde996ab902d9333c73fb08cee16315dfcd4267da0ab77353dba6cbcfcfda05da7da3cbbe7c1b1
  languageName: node
  linkType: hard

"kind-of@npm:^3.0.2":
  version: 3.2.2
  resolution: "kind-of@npm:3.2.2"
  dependencies:
    is-buffer: ^1.1.5
  checksum: e8a1835c4baa9b52666cd5d8ae89e6b9b9f5978600a30ba75fc92da332d1ba182bda90aa7372fc992a3eb6da261dc3fea0f136af24ddc87cfb668d40c817af56
  languageName: node
  linkType: hard

"lazy-cache@npm:^1.0.3":
  version: 1.0.4
  resolution: "lazy-cache@npm:1.0.4"
  checksum: c033cdd7acd8da6a992ec84915f0443abda7669d04567e140cf1e1568434419422c13a931be0ea24e79e4ef32a255cac7932dbfd9cd20153c4d53f793acd4344
  languageName: node
  linkType: hard

"lodash@npm:^4.17.4":
  version: 4.17.20
  resolution: "lodash@npm:4.17.20"
  checksum: c62101d2500c383b5f174a7e9e6fe8098149ddd6e9ccfa85f36d4789446195f5c4afd3cfba433026bcaf3da271256566b04a2bf2618e5a39f6e67f8c12030cb6
  languageName: node
  linkType: hard

"longest@npm:^1.0.1":
  version: 1.0.1
  resolution: "longest@npm:1.0.1"
  checksum: 5cd9311bd2f782ec45345ca3aefa206e47dc4f3856fcae3fae9062ce505ebaa98e3a4de6e38a778a9e969552d99f3a66da3d87dd831057cfc343b1f225087f52
  languageName: node
  linkType: hard

"media-typer@npm:0.3.0":
  version: 0.3.0
  resolution: "media-typer@npm:0.3.0"
  checksum: be1c825782df7f38eebd451d778f6407bb15a59c8807a69e7f2ad74a25440e474536441c6bf583fdf2803ea23b866e91ff68f565cda297211dd89147758c8df3
  languageName: node
  linkType: hard

"merge-descriptors@npm:1.0.1":
  version: 1.0.1
  resolution: "merge-descriptors@npm:1.0.1"
  checksum: 2d2a09eaac840a7ceac7a13b44b7c8abf3ecccd93a609c3525d8290cb5d814336cc7c0b1dd485ae3bc471ed354eeefb153475ce2e1604ccdf79eebe74021c192
  languageName: node
  linkType: hard

"methods@npm:~1.1.2":
  version: 1.1.2
  resolution: "methods@npm:1.1.2"
  checksum: 450e4ea0fd4a0f3de8c0593d753c7d6c8f2ee49766f5ef35c68cc2ac41699d5e295b7d6330fc2b7271b8569a07857e3eb0b5df0599a353c5808265b4b5066168
  languageName: node
  linkType: hard

"mime-db@npm:1.44.0":
  version: 1.44.0
  resolution: "mime-db@npm:1.44.0"
  checksum: b4e3b2141418572fba9786f7e36324faef15e23032ad0871f56760cb304ee721ba4c8cc795d3c1cac69a2a8b94045c1d6b08c4a8d1ef6ba1226a3a5193915c57
  languageName: node
  linkType: hard

"mime-types@npm:~2.1.24":
  version: 2.1.27
  resolution: "mime-types@npm:2.1.27"
  dependencies:
    mime-db: 1.44.0
  checksum: 51fe2f2c08c10ac7a2f67e2ce5de30f6500faa88d095418a1ab6e90e30960db7c682a8ecce60d3d4e293ac52c4700ca99399833db998ea9ec83d6f0503b70a94
  languageName: node
  linkType: hard

"mime@npm:1.4.1":
  version: 1.4.1
  resolution: "mime@npm:1.4.1"
  bin:
    mime: cli.js
  checksum: 01f74d90a2d91c919436958c4af940d145e00a3b7c57f98cc65f1a70dbecd02fb41c6b74ac5433ae9fe787f1841aaaed412bce259a848b5fc76fc66c0c2a6381
  languageName: node
  linkType: hard

"morgan@npm:~1.9.1":
  version: 1.9.1
  resolution: "morgan@npm:1.9.1"
  dependencies:
    basic-auth: ~2.0.0
    debug: 2.6.9
    depd: ~1.1.2
    on-finished: ~2.3.0
    on-headers: ~1.0.1
  checksum: 3ffe266d6a491361da904b8714aad549cdc2a17b481a1eb76a132037ec41a39070395727a28ba0e6d09707feb16db1d81134e92f0b7ca1c86cc3e3472aad5bf5
  languageName: node
  linkType: hard

"ms@npm:2.0.0":
  version: 2.0.0
  resolution: "ms@npm:2.0.0"
  checksum: 1a230340cc7f322fbe916783d8c8d60455407c6b7fb7f901d6ee34eb272402302c5c7f070a97b8531245cbb4ca6a0a623f6a128d7e5a5440cefa2c669c0b35bb
  languageName: node
  linkType: hard

"negotiator@npm:0.6.2":
  version: 0.6.2
  resolution: "negotiator@npm:0.6.2"
  checksum: 4b230bd15f0862d16c54ce0243fcfcf835ad59c8e58c467b4504dd28c9868cff71ff485b02cc575dc69dca819b58a1fadc9fb28403f45721f38a8fffde007d54
  languageName: node
  linkType: hard

"node-tutorial@workspace:.":
  version: 0.0.0-use.local
  resolution: "node-tutorial@workspace:."
  dependencies:
    cookie-parser: ~1.4.4
    debug: ~2.6.9
    express: ~4.16.1
    http-errors: ~1.6.3
    morgan: ~1.9.1
    pug: 2.0.0-beta11
  languageName: unknown
  linkType: soft

"object-assign@npm:^4.0.1, object-assign@npm:^4.1.0":
  version: 4.1.1
  resolution: "object-assign@npm:4.1.1"
  checksum: 66cf021898fc1b13ea573ea8635fbd5a76533f50cecbc2fcd5eee1e8029af41bcebe7023788b6d0e06cbe4401ecea075d972f78ec74467cdc571a0f1a4d1a081
  languageName: node
  linkType: hard

"on-finished@npm:~2.3.0":
  version: 2.3.0
  resolution: "on-finished@npm:2.3.0"
  dependencies:
    ee-first: 1.1.1
  checksum: 362e64608287d31ffd96a15fb9305a410b3e4d07c86f277fae907e38af46bc6f5ff948de90eabb81dc5632ca7f9a290085acc5410c378053dfa9860451d97ee5
  languageName: node
  linkType: hard

"on-headers@npm:~1.0.1":
  version: 1.0.2
  resolution: "on-headers@npm:1.0.2"
  checksum: 51e75c80755169e765aa76238722e5ad1623f62b13bbc23544ade20cdbb6950cf0e6aa91de35d02ec956f47dc072ee460d8eef82354e4abf8fa692885cb3f2d8
  languageName: node
  linkType: hard

"parseurl@npm:~1.3.2":
  version: 1.3.3
  resolution: "parseurl@npm:1.3.3"
  checksum: 52c9e86cb58e38b28f1a50a6354d16648974ab7a2b91b209f97102840471de8adf524427774af6d5bc482fb7c0a6af6ba08ab37de9a1a7ae389ebe074015914b
  languageName: node
  linkType: hard

"path-parse@npm:^1.0.6":
  version: 1.0.6
  resolution: "path-parse@npm:1.0.6"
  checksum: 2eee4b93fb3ae13600e3fca18390d9933bbbcf725a624f6b8df020d87515a74872ff6c58072190d6dc75a5584a683dc6ae5c385ad4e4f4efb6e66af040d56c67
  languageName: node
  linkType: hard

"path-to-regexp@npm:0.1.7":
  version: 0.1.7
  resolution: "path-to-regexp@npm:0.1.7"
  checksum: 342fdb0ca48415d6eccdbe6d4180fd0fa4786ccc96ab3f74fcdf7acfc99e075af25e6077c8086c341dcfb4f5f84401ecd21e6cd7b24e0c3b556fb7ffb2570da7
  languageName: node
  linkType: hard

"promise@npm:^7.0.1":
  version: 7.3.1
  resolution: "promise@npm:7.3.1"
  dependencies:
    asap: ~2.0.3
  checksum: 23267a4b078fcb02c57b06ca1a1d5739109deb0932c0fd79615a2c5636dd0571ac6a161f19c4ea9683a4ab89791da13112678fa410b65334de490e97c33410ae
  languageName: node
  linkType: hard

"proxy-addr@npm:~2.0.4":
  version: 2.0.6
  resolution: "proxy-addr@npm:2.0.6"
  dependencies:
    forwarded: ~0.1.2
    ipaddr.js: 1.9.1
  checksum: a7dcfd70258cdc3b73c5dc4a35c73db9857f3bf4cf5e6404380e8ea558f8c5569147e721a01195d00b450e36b4dde727fc9d22fdea14310ba38faa595530cd58
  languageName: node
  linkType: hard

"pug-attrs@npm:^2.0.2":
  version: 2.0.4
  resolution: "pug-attrs@npm:2.0.4"
  dependencies:
    constantinople: ^3.0.1
    js-stringify: ^1.0.1
    pug-runtime: ^2.0.5
  checksum: 28dd8c5ea28a7226196120c58d852000c9c838814caf2fb294db573306704a480cafbcea547c768602b6b6359fe95c1b373fe23d8f68f25a4c7f82d933e093e2
  languageName: node
  linkType: hard

"pug-code-gen@npm:^1.1.1":
  version: 1.1.1
  resolution: "pug-code-gen@npm:1.1.1"
  dependencies:
    constantinople: ^3.0.1
    doctypes: ^1.1.0
    js-stringify: ^1.0.1
    pug-attrs: ^2.0.2
    pug-error: ^1.3.2
    pug-runtime: ^2.0.3
    void-elements: ^2.0.1
    with: ^5.0.0
  checksum: 6550675aab493d259ee8d94b5d4ad2d98e9e4da80b383b97c1bba0f26c1f6ec898a9f2e509b138f502e8a7b74583fc67109a37abd7de7ee2c8d275712f8be910
  languageName: node
  linkType: hard

"pug-error@npm:^1.3.2, pug-error@npm:^1.3.3":
  version: 1.3.3
  resolution: "pug-error@npm:1.3.3"
  checksum: 5d69c2ff151d82480b668578c7bf1ea1bb0050dbe109264d0686a0756de41aa08a070a57209e2053c6d9baefb6e33adc67d5c7f79b26adf4a0705161f149a5b1
  languageName: node
  linkType: hard

"pug-filters@npm:^2.1.1":
  version: 2.1.5
  resolution: "pug-filters@npm:2.1.5"
  dependencies:
    clean-css: ^3.3.0
    constantinople: ^3.0.1
    jstransformer: 1.0.0
    pug-error: ^1.3.2
    pug-walk: ^1.1.5
    resolve: ^1.1.6
    uglify-js: ^2.6.1
  checksum: f9c16c1ecce48afa640c51bb6cfd303af54f9ef632c7bf6d46b0ec6244cd1c14f662e0d8420202cd71804761b1232901cf98d6b859cba156872d03a2cbcfa704
  languageName: node
  linkType: hard

"pug-lexer@npm:^3.0.0":
  version: 3.1.0
  resolution: "pug-lexer@npm:3.1.0"
  dependencies:
    character-parser: ^2.1.1
    is-expression: ^3.0.0
    pug-error: ^1.3.2
  checksum: 65af1a2c09c27053cfa5516bbcd2daf8596809b34bb1edff4b09b8e9007a6e401aa5547a8ba9a11caa67d590171a87776201aad5337845d6abb140865afd7576
  languageName: node
  linkType: hard

"pug-linker@npm:^2.0.2":
  version: 2.0.3
  resolution: "pug-linker@npm:2.0.3"
  dependencies:
    pug-error: ^1.3.2
    pug-walk: ^1.1.2
  checksum: 77869cd0aff9f3d2a7aab90c918df6f4d633266539740a4039c60e4cfc43222e6102e7fbb1fb0d31621686b639036c7bf3e51cc3d63b686a769fff15c1e08141
  languageName: node
  linkType: hard

"pug-load@npm:^2.0.5":
  version: 2.0.12
  resolution: "pug-load@npm:2.0.12"
  dependencies:
    object-assign: ^4.1.0
    pug-walk: ^1.1.8
  checksum: 58b20e083674b3ba237a85387d7ff40995e0227f889c36c0a14b5487e2aaa44e4cf5782432d020650cfd791b36dcf55a443298d8853a41e4c29e2818da40c6a6
  languageName: node
  linkType: hard

"pug-parser@npm:^2.0.2":
  version: 2.0.2
  resolution: "pug-parser@npm:2.0.2"
  dependencies:
    pug-error: ^1.3.2
    token-stream: 0.0.1
  checksum: f8da8a9b49a7627c1940c8bf1a9a2d73c63e60a399ef70237263b6b10ec15ec189f1167d59c538829eb5bf0a8e569e7965fec98764789ef3837d37b77354e976
  languageName: node
  linkType: hard

"pug-runtime@npm:^2.0.3, pug-runtime@npm:^2.0.5":
  version: 2.0.5
  resolution: "pug-runtime@npm:2.0.5"
  checksum: c47a8bafa7b9314421907800ca918093eabcf5304dcb4801f61c7b35225baa2184020e10db72ca54b0924453b6a6d6547bad93c8a1f83bec196a25fccda44456
  languageName: node
  linkType: hard

"pug-strip-comments@npm:^1.0.2":
  version: 1.0.4
  resolution: "pug-strip-comments@npm:1.0.4"
  dependencies:
    pug-error: ^1.3.3
  checksum: bedcb725d8be2195accaec703d9594cdedd7ce4d287994fbeddc0997fc43e4763dcd667311f34a188113fabe759c92215ca1bf48b576c1f355daafda6d6ed057
  languageName: node
  linkType: hard

"pug-walk@npm:^1.1.2, pug-walk@npm:^1.1.5, pug-walk@npm:^1.1.8":
  version: 1.1.8
  resolution: "pug-walk@npm:1.1.8"
  checksum: 009c787d3ffde68383a5f9d56eeba01069bd27e7b24b0bc05dcb2b43d9426e874ef1f39ec30b996962cd28d097b5852dff0ca8059e532926f0850c3f03bfe4e8
  languageName: node
  linkType: hard

"pug@npm:2.0.0-beta11":
  version: 2.0.0-beta11
  resolution: "pug@npm:2.0.0-beta11"
  dependencies:
    pug-code-gen: ^1.1.1
    pug-filters: ^2.1.1
    pug-lexer: ^3.0.0
    pug-linker: ^2.0.2
    pug-load: ^2.0.5
    pug-parser: ^2.0.2
    pug-runtime: ^2.0.3
    pug-strip-comments: ^1.0.2
  checksum: 0bc940d27472608deae44137244a40546eb8cdff82845e87c3485190873fff28393d8b21586e41a5c4fb94c70ed89fdcf85f77f1e1b22b45bdeba09376423736
  languageName: node
  linkType: hard

"qs@npm:6.5.2":
  version: 6.5.2
  resolution: "qs@npm:6.5.2"
  checksum: fa0410eff2c05ce3328e11f82db4015e7819c986ee056d6b62b06ae112f4929af09ea3b879ca168ff9f0338f50972bba487ad0e46c879e42bfaf63c3c2ea7f09
  languageName: node
  linkType: hard

"range-parser@npm:~1.2.0":
  version: 1.2.1
  resolution: "range-parser@npm:1.2.1"
  checksum: 05074f5b23dbdc24acdae9821dd684fbc9c0d770cdaa4469ab529d8e0fc1338aa33561a4c7c14a1f9bdcb3b5e9a3770e5a80318258a72289a7ef05fcda72a707
  languageName: node
  linkType: hard

"raw-body@npm:2.3.3":
  version: 2.3.3
  resolution: "raw-body@npm:2.3.3"
  dependencies:
    bytes: 3.0.0
    http-errors: 1.6.3
    iconv-lite: 0.4.23
    unpipe: 1.0.0
  checksum: 86e367e928426aa0cbbeb967e02414e18530c1bf52093d2f4e4b56e53a569193e03bc4d2d5d2fc8383b08893e01336b9e9c067a2052de73d9367fe2543cbaa26
  languageName: node
  linkType: hard

"regenerator-runtime@npm:^0.11.0":
  version: 0.11.1
  resolution: "regenerator-runtime@npm:0.11.1"
  checksum: d98d44b9f5c9c3c670dcb615c5f5374931f937f3075dc8338126f45231643aa8c47ed2bfdef6ae593e311be54ca02d25d943971ca86a3dc1fa99068c2e1b88b2
  languageName: node
  linkType: hard

"repeat-string@npm:^1.5.2":
  version: 1.6.1
  resolution: "repeat-string@npm:1.6.1"
  checksum: 99c431ba7bef7a5d39819d562ebca89206368b45f73213677a3b562e25b5dd272d9e6a2ca8105001df14b6fc8cc71f0b10258c86e16cf8a256318fac1ddc8a77
  languageName: node
  linkType: hard

resolve@^1.1.6:
  version: 1.19.0
  resolution: "resolve@npm:1.19.0"
  dependencies:
    is-core-module: ^2.1.0
    path-parse: ^1.0.6
  checksum: 8b23c7fde1224898ffb9fec2a2295a44d1564981343bdbf5fd3769465658f6a6f6647bb7ea66dfb3c1291ca86046b0233be2edfcd8ca05b38886521e8869677c
  languageName: node
  linkType: hard

"resolve@patch:resolve@^1.1.6#builtin<compat/resolve>":
  version: 1.19.0
  resolution: "resolve@patch:resolve@npm%3A1.19.0#builtin<compat/resolve>::version=1.19.0&hash=3388aa"
  dependencies:
    is-core-module: ^2.1.0
    path-parse: ^1.0.6
  checksum: 188d5167e8578a9af8d194faf382b8f3526aad5145391c24ecdc6246c6fc82c10fc66d6352267f8e93c5977c503d61803169c91b9e2ee36dd2de759915c9b673
  languageName: node
  linkType: hard

"right-align@npm:^0.1.1":
  version: 0.1.3
  resolution: "right-align@npm:0.1.3"
  dependencies:
    align-text: ^0.1.1
  checksum: d4554e561a3890e764fd4a81624db5d4fd085c7ff0a92dea3efb658b133f13e855b2319e01a6f7aaec45287712f211d5657a4a850c11e4e10d353d571bdcd1bc
  languageName: node
  linkType: hard

"safe-buffer@npm:5.1.2":
  version: 5.1.2
  resolution: "safe-buffer@npm:5.1.2"
  checksum: 2708587c1b5e70a5e420714ceb59f30f5791c6e831d39812125a008eca63a4ac18578abd020a0776ea497ff03b4543f2b2a223a7b9073bf2d6c7af9ec6829218
  languageName: node
  linkType: hard

"safer-buffer@npm:>= 2.1.2 < 3":
  version: 2.1.2
  resolution: "safer-buffer@npm:2.1.2"
  checksum: 549ba83f5b314b59898efe3422120ce1ca7987a6eae5925a5fa5db930dc414d4a9dde0a5594f89638cd6ea60b6840ea961872908933ac2428d1726489db46fa5
  languageName: node
  linkType: hard

"send@npm:0.16.2":
  version: 0.16.2
  resolution: "send@npm:0.16.2"
  dependencies:
    debug: 2.6.9
    depd: ~1.1.2
    destroy: ~1.0.4
    encodeurl: ~1.0.2
    escape-html: ~1.0.3
    etag: ~1.8.1
    fresh: 0.5.2
    http-errors: ~1.6.2
    mime: 1.4.1
    ms: 2.0.0
    on-finished: ~2.3.0
    range-parser: ~1.2.0
    statuses: ~1.4.0
  checksum: 0b3b98fd0d933687bafb45552bb9798aa030475c1c7e8a0da1cc97fd92b2dff7b728b41721405335b23d86d31c73300716d3c803075e3e92117f16e9eca84824
  languageName: node
  linkType: hard

"serve-static@npm:1.13.2":
  version: 1.13.2
  resolution: "serve-static@npm:1.13.2"
  dependencies:
    encodeurl: ~1.0.2
    escape-html: ~1.0.3
    parseurl: ~1.3.2
    send: 0.16.2
  checksum: ed2fe928fecd9ca86f1fc01066278a4e0574b1a4fff81f212f0b73aaad15e1dc8b68c7dfca9937edbdedc55bdfb21cec6c20cd8bead27524025105e4fd51a2c6
  languageName: node
  linkType: hard

"setprototypeof@npm:1.1.0":
  version: 1.1.0
  resolution: "setprototypeof@npm:1.1.0"
  checksum: 8a3fb2ff4bf7daf0f8fb0e52d87d6e3dc387599e1c7a42833fddc1d711e87f7f187a6f957137a435ae154a98877e4357569f1fb48f3d17e96242621cd469e1f6
  languageName: node
  linkType: hard

"source-map@npm:0.4.x":
  version: 0.4.4
  resolution: "source-map@npm:0.4.4"
  dependencies:
    amdefine: ">=0.0.4"
  checksum: 8602363865290e334111cafb2335ccd8faef321b5998f88e6a64278dd0bd27a2b1e614622e706bc943635eb5402cf155078ff2c684b78f28377bc8b47f47bf9c
  languageName: node
  linkType: hard

"source-map@npm:~0.5.1":
  version: 0.5.7
  resolution: "source-map@npm:0.5.7"
  checksum: 737face96577a2184a42f141607fcc2c9db5620cb8517ae8ab3924476defa138fc26b0bab31e98cbd6f19211ecbf78400b59f801ff7a0f87aa9faa79f7433e10
  languageName: node
  linkType: hard

"statuses@npm:>= 1.4.0 < 2":
  version: 1.5.0
  resolution: "statuses@npm:1.5.0"
  checksum: 57735269bf231176a60deb80f6d60214cb4a87663b0937e79497afe9aebe2597f8377fd28893f4d1776205f18dd0b927774a26b72051411ac5108e9e2dfc77d2
  languageName: node
  linkType: hard

"statuses@npm:~1.4.0":
  version: 1.4.0
  resolution: "statuses@npm:1.4.0"
  checksum: f90d393f771ee85a756826d117b37af0057bf0506e00c13139486c1e5275e21e5c043654a0b7f773342eac194a1087c937da1dd199bb461e81a1eff781ad2558
  languageName: node
  linkType: hard

"to-fast-properties@npm:^1.0.3":
  version: 1.0.3
  resolution: "to-fast-properties@npm:1.0.3"
  checksum: bfe41c936705c9d82ed21ac6f39384c323d860f74b55d2354bc511eeb5f5729849f70ea4c1fab8ad71ca5717fa184c94899778e4959ef09e7316708086cf04c6
  languageName: node
  linkType: hard

"token-stream@npm:0.0.1":
  version: 0.0.1
  resolution: "token-stream@npm:0.0.1"
  checksum: aea8bb68b9abe8d82102268917016a0a6ba1a7234ee2685eecec0d74f2d31d6740d8456b01beaa73358616144506b0a0d6efded0ae78c83e907976f0046f96a0
  languageName: node
  linkType: hard

"type-is@npm:~1.6.16":
  version: 1.6.18
  resolution: "type-is@npm:1.6.18"
  dependencies:
    media-typer: 0.3.0
    mime-types: ~2.1.24
  checksum: 20a3514f1d835c979237995129d1f8c564325301e3a8f1c732bcbe1d7fa0ca1f65994e41a79e9030d79f31e5459bb9be5c377848fcb477cb3049a661b3713d74
  languageName: node
  linkType: hard

"uglify-js@npm:^2.6.1":
  version: 2.8.29
  resolution: "uglify-js@npm:2.8.29"
  dependencies:
    source-map: ~0.5.1
    uglify-to-browserify: ~1.0.0
    yargs: ~3.10.0
  dependenciesMeta:
    uglify-to-browserify:
      optional: true
  bin:
    uglifyjs: bin/uglifyjs
  checksum: de5e5af14b788c9a0360fdfad6283b6ad89ecf3bf319924048628c87265252998d6f4bc8ca8bb7f163dd599cfe8262bca5b02396584fc120623a0225484309c6
  languageName: node
  linkType: hard

"uglify-to-browserify@npm:~1.0.0":
  version: 1.0.2
  resolution: "uglify-to-browserify@npm:1.0.2"
  checksum: 3555c8f33929f1a866c412c04a84ebb03d87ed1ec07140a7fe7f678facb3b5e5740d4cb2458b2e094ccea87649e1964c84d014dd47aac6057b7d4986a021cfa7
  languageName: node
  linkType: hard

"unpipe@npm:1.0.0, unpipe@npm:~1.0.0":
  version: 1.0.0
  resolution: "unpipe@npm:1.0.0"
  checksum: ba244e8bf640475b2143af95be5d71353cd4d238d63abf5dfe700c67841f066eb0819fc60dee7f2348ef647a5644a06ba024b9a0ab6d399fc07a05eb72a30ac7
  languageName: node
  linkType: hard

"utils-merge@npm:1.0.1":
  version: 1.0.1
  resolution: "utils-merge@npm:1.0.1"
  checksum: a457956ebc09efbda05da8bf213ab89140bb9dffa3c42b3315dd8fc3c45d67a1b802741f58b7bba4872113201fc275fc86470289d8bd32b74297b5e5b5980705
  languageName: node
  linkType: hard

"vary@npm:~1.1.2":
  version: 1.1.2
  resolution: "vary@npm:1.1.2"
  checksum: 591f059f727ac1ba0d97cb7767f8583a03fcbb07db7be2b7dce838ede520ec0e958a41cb19077054769077fdc49a9b9a2dc391c83426bfee89c054b8cc7404bf
  languageName: node
  linkType: hard

"void-elements@npm:^2.0.1":
  version: 2.0.1
  resolution: "void-elements@npm:2.0.1"
  checksum: 768d7e08534922455d0e87c66426123920f4d26d88e9c3dc430469e4ce1c11920ca8e2aea7794e52916524d55c3c7820efc20d3f5ce6b749036d989adef1cdd9
  languageName: node
  linkType: hard

"window-size@npm:0.1.0":
  version: 0.1.0
  resolution: "window-size@npm:0.1.0"
  checksum: ae6660d855375010680ca814ebbd5a4bdfe82e477901acc5670db84c725c55db9573104f34dad74874e14ee7fedeb0566e828c8c3d8b52c810ac501519293310
  languageName: node
  linkType: hard

"with@npm:^5.0.0":
  version: 5.1.1
  resolution: "with@npm:5.1.1"
  dependencies:
    acorn: ^3.1.0
    acorn-globals: ^3.0.0
  checksum: 8b615202ebdc02f57aa2b30382e738869b78b9bb2be9a0b1a21cc5f109070ad36bffe1414ce7c51b5a459e39b554ea9b608f3be8700b142165e10079eae1ac59
  languageName: node
  linkType: hard

"wordwrap@npm:0.0.2":
  version: 0.0.2
  resolution: "wordwrap@npm:0.0.2"
  checksum: ad9635091f047bbda7c0ebe52cedf6c5187c27a68a9e8a156755cc60adc073ef0c87846491dbcbfd4bf3e59b91da232a5ea12a6199078226560a1fcdb2ad4c88
  languageName: node
  linkType: hard

"yargs@npm:~3.10.0":
  version: 3.10.0
  resolution: "yargs@npm:3.10.0"
  dependencies:
    camelcase: ^1.0.2
    cliui: ^2.1.0
    decamelize: ^1.0.0
    window-size: 0.1.0
  checksum: bc127cb21a83f099ca5685d238bc61ab08fd09b327ae0a3987cfa7ddb331582818d789c3b370e483b01a2a9006e5f7abedc5e767783237d051e36874159519b3
  languageName: node
  linkType: hard
